
Microsoft Visual Studio Solution File, Format Version 12.00
# Visual Studio Version 16
VisualStudioVersion = 16.0.808.5
MinimumVisualStudioVersion = 10.0.40219.1
Project("{FAE04EC0-301F-11D3-BF4B-00C04F79EFBC}") = "BlockChainExample", "BlockChainExample\BlockChainExample.csproj", "{B21922A7-91B6-420A-9791-9F7E4AA5131D}"
EndProject
Project("{FAE04EC0-301F-11D3-BF4B-00C04F79EFBC}") = "Entities", "Entities\Entities.csproj", "{DF3DA286-0016-4679-A08B-7ED8FFCA22BF}"
EndProject
Global
	GlobalSection(SolutionConfigurationPlatforms) = preSolution
		Debug|Any CPU = Debug|Any CPU
		Release|Any CPU = Release|Any CPU
	EndGlobalSection
	GlobalSection(ProjectConfigurationPlatforms) = postSolution
		{B21922A7-91B6-420A-9791-9F7E4AA5131D}.Debug|Any CPU.ActiveCfg = Debug|Any CPU
		{B21922A7-91B6-420A-9791-9F7E4AA5131D}.Debug|Any CPU.Build.0 = Debug|Any CPU
		{B21922A7-91B6-420A-9791-9F7E4AA5131D}.Release|Any CPU.ActiveCfg = Release|Any CPU
		{B21922A7-91B6-420A-9791-9F7E4AA5131D}.Release|Any CPU.Build.0 = Release|Any CPU
		{DF3DA286-0016-4679-A08B-7ED8FFCA22BF}.Debug|Any CPU.ActiveCfg = Debug|Any CPU
		{DF3DA286-0016-4679-A08B-7ED8FFCA22BF}.Debug|Any CPU.Build.0 = Debug|Any CPU
		{DF3DA286-0016-4679-A08B-7ED8FFCA22BF}.Release|Any CPU.ActiveCfg = Release|Any CPU
		{DF3DA286-0016-4679-A08B-7ED8FFCA22BF}.Release|Any CPU.Build.0 = Release|Any CPU
	EndGlobalSection
	GlobalSection(SolutionProperties) = preSolution
		HideSolutionNode = FALSE
	EndGlobalSection
	GlobalSection(ExtensibilityGlobals) = postSolution
		SolutionGuid = {9AB4D3FE-85D7-4EF7-8FC3-65B3AEDD5C60}
	EndGlobalSection
EndGlobal
